# Generated by tools/src/release/action-runtime-lock.ts --write.
# Files this action runs from outside its package; a change here must
# ship as a fix or feat commit so release-please releases the action.
bb9afde7d1241375a7d5f5acff6e7c8494f33a138389c022bb8aea0f250b6c4e  .github/workflows/complexity-review-reusable.yml
0ef9acc26b038ca99075e0beb8d6915109d487feee36d982b62b2bd20c92c390  packages/agent-daemon-action/action.yml
55827c402bc87e521d3f7db772ff79a4afd1c5cc5e7999190f6f2bb5ea6055ba  packages/agent-daemon-action/dist/assets/keytar-B8gATvpz.js
453e542d985cd2d00c7f3f29ea34cdec32e80c31b4a011227b195d5e341d3714  packages/agent-daemon-action/dist/assets/src-RUyI_pCT.js
b7fdafe6f4d45e336b4547fc9d59b993b4f04da55cb714c02df457bce49e695e  packages/agent-daemon-action/dist/main.js
