# Generated by tools/src/release/action-runtime-lock.ts --write.
# Files this action runs from outside its package; a change here must
# ship as a fix or feat commit so release-please releases the action.
6b9e7fe0d9c760d141513543441870528ac2a115f35a275a0cda25c53fe5e142  .github/workflows/docs-impact-review-reusable.yml
793196d35c47967041dffa960d3988234ba958c0a756130598f2f4bc87c83fcf  packages/agent-daemon-action/action.yml
55827c402bc87e521d3f7db772ff79a4afd1c5cc5e7999190f6f2bb5ea6055ba  packages/agent-daemon-action/dist/assets/keytar-B8gATvpz.js
453e542d985cd2d00c7f3f29ea34cdec32e80c31b4a011227b195d5e341d3714  packages/agent-daemon-action/dist/assets/src-RUyI_pCT.js
e5a9ba8dc1b64fbcb8d8241fa2b214c7bb08ee2c14d391278ef2cf52a631e028  packages/agent-daemon-action/dist/main.js
