# Generated by tools/src/release/action-runtime-lock.ts --write.
# Files this action runs from outside its package; a change here must
# ship as a fix or feat commit so release-please releases the action.
df9543772c18ee65538197ee5692b4542f216bcc5deaf4d943dcf48e78f299f1  .github/workflows/docs-impact-review-reusable.yml
fd4457318d034d94beb83f0117badd9141748af13cbbfc4600a29c6ae0710f31  packages/agent-daemon-action/action.yml
55319049edece2d90644604c1d48e10ed5cf35bb3119511ccf4bfaa23da3af31  packages/agent-daemon-action/src/cancel-superseded.ts
627042e050499cf1cbd304abbb232b50126f584dbab339a966f729d7a771418e  packages/agent-daemon-action/src/create-task.ts
1a30ad188bc051c2fc8901e5c84c43212714c934073e531360c51a258c225840  packages/agent-daemon-action/src/dispatch.ts
289747fb7ed81b7577d72222dc7b540a834338f21b01248bde504f7298554095  packages/agent-daemon-action/src/index.ts
87b6483bb5998e663a4cf5efaee5ffe5c91450411280fb5fb0b4b0fd4a256f76  packages/agent-daemon-action/src/main.ts
797250409e86cdee19e2c04f6d7fcdbed926dc37aa94446242330271c08fbd93  packages/agent-daemon-action/src/parse-mention.ts
6b872a5518e2f91b15a40e1d2ae4c789ddef4dd038e42dd0f86a17e6b4ec8c34  packages/agent-daemon-action/src/resolve-correlation.ts
